
Microsoft Visual Studio Solution File, Format Version 12.00
# Visual Studio Version 17
VisualStudioVersion = 17.1.32328.378
MinimumVisualStudioVersion = 10.0.40219.1
Project("{2150E333-8FDC-42A3-9474-1A3956D46DE8}") = "Solution Items", "Solution Items", "{6CE63069-DCC4-4351-B056-42C598724F34}"
	ProjectSection(SolutionItems) = preProject
		.gitignore = .gitignore
	EndProjectSection
EndProject
Project("{9A19103F-16F7-4668-BE54-9A1E7A4F7556}") = "01Basics", "01Basics\01Basics.csproj", "{D57F68E4-23A1-4D13-A2F6-2DC7960C4FAC}"
EndProject
Project("{2150E333-8FDC-42A3-9474-1A3956D46DE8}") = "IdentityServer4", "IdentityServer4", "{E6F6222E-830A-4718-96E2-F8DE84ABCB90}"
EndProject
Project("{9A19103F-16F7-4668-BE54-9A1E7A4F7556}") = "02IdentityExample", "02IdentityExample\02IdentityExample.csproj", "{381DAFA8-2A52-455D-AE01-6465B49520EF}"
EndProject
Project("{9A19103F-16F7-4668-BE54-9A1E7A4F7556}") = "ApiOne", "IdentityServer4\ApiOne\ApiOne.csproj", "{86F14125-7459-4255-9950-388FE576A95D}"
EndProject
Project("{9A19103F-16F7-4668-BE54-9A1E7A4F7556}") = "ApiTwo", "IdentityServer4\ApiTwo\ApiTwo.csproj", "{14962DF0-1C0C-44DF-A65F-54A030174AC3}"
EndProject
Project("{9A19103F-16F7-4668-BE54-9A1E7A4F7556}") = "IdentityServer", "IdentityServer4\IdentityServer\IdentityServer.csproj", "{99414C18-61D3-498E-BBF3-DE454AFD1A95}"
EndProject
Global
	GlobalSection(SolutionConfigurationPlatforms) = preSolution
		Debug|Any CPU = Debug|Any CPU
		Release|Any CPU = Release|Any CPU
	EndGlobalSection
	GlobalSection(ProjectConfigurationPlatforms) = postSolution
		{D57F68E4-23A1-4D13-A2F6-2DC7960C4FAC}.Debug|Any CPU.ActiveCfg = Debug|Any CPU
		{D57F68E4-23A1-4D13-A2F6-2DC7960C4FAC}.Debug|Any CPU.Build.0 = Debug|Any CPU
		{D57F68E4-23A1-4D13-A2F6-2DC7960C4FAC}.Release|Any CPU.ActiveCfg = Release|Any CPU
		{D57F68E4-23A1-4D13-A2F6-2DC7960C4FAC}.Release|Any CPU.Build.0 = Release|Any CPU
		{381DAFA8-2A52-455D-AE01-6465B49520EF}.Debug|Any CPU.ActiveCfg = Debug|Any CPU
		{381DAFA8-2A52-455D-AE01-6465B49520EF}.Debug|Any CPU.Build.0 = Debug|Any CPU
		{381DAFA8-2A52-455D-AE01-6465B49520EF}.Release|Any CPU.ActiveCfg = Release|Any CPU
		{381DAFA8-2A52-455D-AE01-6465B49520EF}.Release|Any CPU.Build.0 = Release|Any CPU
		{86F14125-7459-4255-9950-388FE576A95D}.Debug|Any CPU.ActiveCfg = Debug|Any CPU
		{86F14125-7459-4255-9950-388FE576A95D}.Debug|Any CPU.Build.0 = Debug|Any CPU
		{86F14125-7459-4255-9950-388FE576A95D}.Release|Any CPU.ActiveCfg = Release|Any CPU
		{86F14125-7459-4255-9950-388FE576A95D}.Release|Any CPU.Build.0 = Release|Any CPU
		{14962DF0-1C0C-44DF-A65F-54A030174AC3}.Debug|Any CPU.ActiveCfg = Debug|Any CPU
		{14962DF0-1C0C-44DF-A65F-54A030174AC3}.Debug|Any CPU.Build.0 = Debug|Any CPU
		{14962DF0-1C0C-44DF-A65F-54A030174AC3}.Release|Any CPU.ActiveCfg = Release|Any CPU
		{14962DF0-1C0C-44DF-A65F-54A030174AC3}.Release|Any CPU.Build.0 = Release|Any CPU
		{99414C18-61D3-498E-BBF3-DE454AFD1A95}.Debug|Any CPU.ActiveCfg = Debug|Any CPU
		{99414C18-61D3-498E-BBF3-DE454AFD1A95}.Debug|Any CPU.Build.0 = Debug|Any CPU
		{99414C18-61D3-498E-BBF3-DE454AFD1A95}.Release|Any CPU.ActiveCfg = Release|Any CPU
		{99414C18-61D3-498E-BBF3-DE454AFD1A95}.Release|Any CPU.Build.0 = Release|Any CPU
	EndGlobalSection
	GlobalSection(SolutionProperties) = preSolution
		HideSolutionNode = FALSE
	EndGlobalSection
	GlobalSection(NestedProjects) = preSolution
		{86F14125-7459-4255-9950-388FE576A95D} = {E6F6222E-830A-4718-96E2-F8DE84ABCB90}
		{14962DF0-1C0C-44DF-A65F-54A030174AC3} = {E6F6222E-830A-4718-96E2-F8DE84ABCB90}
		{99414C18-61D3-498E-BBF3-DE454AFD1A95} = {E6F6222E-830A-4718-96E2-F8DE84ABCB90}
	EndGlobalSection
	GlobalSection(ExtensibilityGlobals) = postSolution
		SolutionGuid = {F8602534-9C56-470B-98E3-0E6A40F1C5FC}
	EndGlobalSection
EndGlobal
