
Microsoft Visual Studio Solution File, Format Version 12.00
# Visual Studio Version 17
VisualStudioVersion = 17.1.32328.378
MinimumVisualStudioVersion = 10.0.40219.1
Project("{2150E333-8FDC-42A3-9474-1A3956D46DE8}") = "Solution Items", "Solution Items", "{6CE63069-DCC4-4351-B056-42C598724F34}"
	ProjectSection(SolutionItems) = preProject
		.gitignore = .gitignore
	EndProjectSection
EndProject
Project("{9A19103F-16F7-4668-BE54-9A1E7A4F7556}") = "01Basics", "01Basics\01Basics.csproj", "{D57F68E4-23A1-4D13-A2F6-2DC7960C4FAC}"
EndProject
Project("{9A19103F-16F7-4668-BE54-9A1E7A4F7556}") = "02IdentityExample", "02IdentityExample\02IdentityExample.csproj", "{381DAFA8-2A52-455D-AE01-6465B49520EF}"
EndProject
Global
	GlobalSection(SolutionConfigurationPlatforms) = preSolution
		Debug|Any CPU = Debug|Any CPU
		Release|Any CPU = Release|Any CPU
	EndGlobalSection
	GlobalSection(ProjectConfigurationPlatforms) = postSolution
		{D57F68E4-23A1-4D13-A2F6-2DC7960C4FAC}.Debug|Any CPU.ActiveCfg = Debug|Any CPU
		{D57F68E4-23A1-4D13-A2F6-2DC7960C4FAC}.Debug|Any CPU.Build.0 = Debug|Any CPU
		{D57F68E4-23A1-4D13-A2F6-2DC7960C4FAC}.Release|Any CPU.ActiveCfg = Release|Any CPU
		{D57F68E4-23A1-4D13-A2F6-2DC7960C4FAC}.Release|Any CPU.Build.0 = Release|Any CPU
		{381DAFA8-2A52-455D-AE01-6465B49520EF}.Debug|Any CPU.ActiveCfg = Debug|Any CPU
		{381DAFA8-2A52-455D-AE01-6465B49520EF}.Debug|Any CPU.Build.0 = Debug|Any CPU
		{381DAFA8-2A52-455D-AE01-6465B49520EF}.Release|Any CPU.ActiveCfg = Release|Any CPU
		{381DAFA8-2A52-455D-AE01-6465B49520EF}.Release|Any CPU.Build.0 = Release|Any CPU
	EndGlobalSection
	GlobalSection(SolutionProperties) = preSolution
		HideSolutionNode = FALSE
	EndGlobalSection
	GlobalSection(ExtensibilityGlobals) = postSolution
		SolutionGuid = {F8602534-9C56-470B-98E3-0E6A40F1C5FC}
	EndGlobalSection
EndGlobal
